{
    "version": 3,
    "terraform_version": "0.11.13",
    "serial": 3,
    "lineage": "a16ec015-8c84-9602-045e-88477d8aca12",
    "modules": [
        {
            "path": [
                "root"
            ],
            "outputs": {},
            "resources": {
                "docker_image.mysql_image": {
                    "type": "docker_image",
                    "depends_on": [],
                    "primary": {
                        "id": "sha256:66371c06f4ca82a19350bb8a0281208fcaf11951a4dd7ad0b5d246b5be1c9c41mysql:5.7",
                        "attributes": {
                            "id": "sha256:66371c06f4ca82a19350bb8a0281208fcaf11951a4dd7ad0b5d246b5be1c9c41mysql:5.7",
                            "latest": "sha256:66371c06f4ca82a19350bb8a0281208fcaf11951a4dd7ad0b5d246b5be1c9c41",
                            "name": "mysql:5.7"
                        },
                        "meta": {},
                        "tainted": false
                    },
                    "deposed": [],
                    "provider": "provider.docker"
                },
                "docker_network.private_overlay_network": {
                    "type": "docker_network",
                    "depends_on": [],
                    "primary": {
                        "id": "5uyi5jjxhj1imuhbsz70053of",
                        "attributes": {
                            "attachable": "false",
                            "driver": "overlay",
                            "id": "5uyi5jjxhj1imuhbsz70053of",
                            "ingress": "false",
                            "internal": "true",
                            "ipam_config.#": "1",
                            "ipam_config.3182784715.aux_address.%": "0",
                            "ipam_config.3182784715.gateway": "10.0.3.1",
                            "ipam_config.3182784715.ip_range": "",
                            "ipam_config.3182784715.subnet": "10.0.3.0/24",
                            "ipam_driver": "default",
                            "ipv6": "false",
                            "labels.#": "0",
                            "name": "mysql_internal",
                            "options.%": "1",
                            "options.com.docker.network.driver.overlay.vxlanid_list": "4099",
                            "scope": "swarm"
                        },
                        "meta": {
                            "schema_version": "1"
                        },
                        "tainted": false
                    },
                    "deposed": [],
                    "provider": "provider.docker"
                },
                "docker_secret.mysql_db_password": {
                    "type": "docker_secret",
                    "depends_on": [],
                    "primary": {
                        "id": "7ewe5h4wyekvbxep3mw7tr7cm",
                        "attributes": {
                            "data": "cDRzU1dvUmQwIQo=",
                            "id": "7ewe5h4wyekvbxep3mw7tr7cm",
                            "name": "db_password"
                        },
                        "meta": {
                            "schema_version": "1"
                        },
                        "tainted": false
                    },
                    "deposed": [],
                    "provider": "provider.docker"
                },
                "docker_secret.mysql_root_password": {
                    "type": "docker_secret",
                    "depends_on": [],
                    "primary": {
                        "id": "28scj67op1nbjquk05sbu9xla",
                        "attributes": {
                            "data": "cDRzU1dvUmQwIQo=",
                            "id": "28scj67op1nbjquk05sbu9xla",
                            "name": "root_password"
                        },
                        "meta": {
                            "schema_version": "1"
                        },
                        "tainted": false
                    },
                    "deposed": [],
                    "provider": "provider.docker"
                },
                "docker_service.mysql-service": {
                    "type": "docker_service",
                    "depends_on": [
                        "docker_image.mysql_image",
                        "docker_network.private_overlay_network",
                        "docker_secret.mysql_db_password",
                        "docker_secret.mysql_root_password",
                        "docker_volume.mysql_data_volume"
                    ],
                    "primary": {
                        "id": "lf62ukee8x3gzucp621wxnfc6",
                        "attributes": {
                            "endpoint_spec.#": "1",
                            "endpoint_spec.0.mode": "vip",
                            "endpoint_spec.0.ports.#": "0",
                            "id": "lf62ukee8x3gzucp621wxnfc6",
                            "labels.#": "0",
                            "mode.#": "1",
                            "mode.0.global": "false",
                            "mode.0.replicated.#": "1",
                            "mode.0.replicated.0.replicas": "1",
                            "name": "mysql_db",
                            "rollback_config.#": "0",
                            "task_spec.#": "1",
                            "task_spec.0.container_spec.#": "1",
                            "task_spec.0.container_spec.0.args.#": "0",
                            "task_spec.0.container_spec.0.command.#": "0",
                            "task_spec.0.container_spec.0.configs.#": "0",
                            "task_spec.0.container_spec.0.dir": "",
                            "task_spec.0.container_spec.0.dns_config.#": "1",
                            "task_spec.0.container_spec.0.env.%": "3",
                            "task_spec.0.container_spec.0.env.MYSQL_DATABASE": "mydb",
                            "task_spec.0.container_spec.0.env.MYSQL_PASSWORD_FILE": "/run/secrets/db_password",
                            "task_spec.0.container_spec.0.env.MYSQL_ROOT_PASSWORD_FILE": "/run/secrets/root_password",
                            "task_spec.0.container_spec.0.groups.#": "0",
                            "task_spec.0.container_spec.0.healthcheck.#": "1",
                            "task_spec.0.container_spec.0.healthcheck.0.interval": "0s",
                            "task_spec.0.container_spec.0.healthcheck.0.retries": "0",
                            "task_spec.0.container_spec.0.healthcheck.0.start_period": "0s",
                            "task_spec.0.container_spec.0.healthcheck.0.test.#": "0",
                            "task_spec.0.container_spec.0.healthcheck.0.timeout": "0s",
                            "task_spec.0.container_spec.0.hostname": "",
                            "task_spec.0.container_spec.0.hosts.#": "0",
                            "task_spec.0.container_spec.0.image": "mysql:5.7@sha256:7924ec534b844f9c7c0547fa95265516e8adf19ca475cffe911202037392d264",
                            "task_spec.0.container_spec.0.isolation": "default",
                            "task_spec.0.container_spec.0.labels.#": "0",
                            "task_spec.0.container_spec.0.mounts.#": "1",
                            "task_spec.0.container_spec.0.mounts.3473292824.bind_options.#": "0",
                            "task_spec.0.container_spec.0.mounts.3473292824.read_only": "false",
                            "task_spec.0.container_spec.0.mounts.3473292824.source": "mysql_data",
                            "task_spec.0.container_spec.0.mounts.3473292824.target": "/var/lib/mysql",
                            "task_spec.0.container_spec.0.mounts.3473292824.tmpfs_options.#": "0",
                            "task_spec.0.container_spec.0.mounts.3473292824.type": "volume",
                            "task_spec.0.container_spec.0.mounts.3473292824.volume_options.#": "0",
                            "task_spec.0.container_spec.0.privileges.#": "0",
                            "task_spec.0.container_spec.0.read_only": "false",
                            "task_spec.0.container_spec.0.secrets.#": "2",
                            "task_spec.0.container_spec.0.secrets.2445744607.file_gid": "0",
                            "task_spec.0.container_spec.0.secrets.2445744607.file_mode": "292",
                            "task_spec.0.container_spec.0.secrets.2445744607.file_name": "/run/secrets/root_password",
                            "task_spec.0.container_spec.0.secrets.2445744607.file_uid": "0",
                            "task_spec.0.container_spec.0.secrets.2445744607.secret_id": "28scj67op1nbjquk05sbu9xla",
                            "task_spec.0.container_spec.0.secrets.2445744607.secret_name": "root_password",
                            "task_spec.0.container_spec.0.secrets.441930351.file_gid": "0",
                            "task_spec.0.container_spec.0.secrets.441930351.file_mode": "292",
                            "task_spec.0.container_spec.0.secrets.441930351.file_name": "/run/secrets/db_password",
                            "task_spec.0.container_spec.0.secrets.441930351.file_uid": "0",
                            "task_spec.0.container_spec.0.secrets.441930351.secret_id": "7ewe5h4wyekvbxep3mw7tr7cm",
                            "task_spec.0.container_spec.0.secrets.441930351.secret_name": "db_password",
                            "task_spec.0.container_spec.0.stop_grace_period": "0s",
                            "task_spec.0.container_spec.0.stop_signal": "",
                            "task_spec.0.container_spec.0.user": "",
                            "task_spec.0.force_update": "0",
                            "task_spec.0.log_driver.#": "0",
                            "task_spec.0.networks.#": "1",
                            "task_spec.0.networks.3737113553": "5uyi5jjxhj1imuhbsz70053of",
                            "task_spec.0.placement.#": "1",
                            "task_spec.0.placement.0.constraints.#": "0",
                            "task_spec.0.placement.0.platforms.#": "1",
                            "task_spec.0.placement.0.platforms.2822266258.architecture": "amd64",
                            "task_spec.0.placement.0.platforms.2822266258.os": "linux",
                            "task_spec.0.placement.0.prefs.#": "0",
                            "task_spec.0.resources.#": "1",
                            "task_spec.0.resources.0.limits.#": "0",
                            "task_spec.0.resources.0.reservation.#": "0",
                            "task_spec.0.restart_policy.%": "2",
                            "task_spec.0.restart_policy.condition": "any",
                            "task_spec.0.restart_policy.max_attempts": "0",
                            "task_spec.0.runtime": "container",
                            "update_config.#": "0"
                        },
                        "meta": {
                            "schema_version": "1"
                        },
                        "tainted": false
                    },
                    "deposed": [],
                    "provider": "provider.docker"
                },
                "docker_volume.mysql_data_volume": {
                    "type": "docker_volume",
                    "depends_on": [],
                    "primary": {
                        "id": "mysql_data",
                        "attributes": {
                            "driver": "local",
                            "driver_opts.%": "0",
                            "id": "mysql_data",
                            "labels.#": "0",
                            "mountpoint": "/var/lib/docker/volumes/mysql_data/_data",
                            "name": "mysql_data"
                        },
                        "meta": {
                            "schema_version": "1"
                        },
                        "tainted": false
                    },
                    "deposed": [],
                    "provider": "provider.docker"
                }
            },
            "depends_on": []
        }
    ]
}
