{
    "version": 3,
    "terraform_version": "0.11.13",
    "serial": 27,
    "lineage": "52128e10-9545-e643-3b8d-275b3dc720bc",
    "modules": [
        {
            "path": [
                "root"
            ],
            "outputs": {
                "container_name": {
                    "sensitive": false,
                    "type": "string",
                    "value": "blog_dev"
                },
                "ip_address": {
                    "sensitive": false,
                    "type": "string",
                    "value": "172.17.0.2"
                }
            },
            "resources": {
                "docker_container.container_id": {
                    "type": "docker_container",
                    "depends_on": [
                        "docker_image.image_id"
                    ],
                    "primary": {
                        "id": "5141588a4578c0944981ac8784aafe911c75d70b7fefa3937fa82abdbcb52b0c",
                        "attributes": {
                            "attach": "false",
                            "bridge": "",
                            "gateway": "172.17.0.1",
                            "id": "5141588a4578c0944981ac8784aafe911c75d70b7fefa3937fa82abdbcb52b0c",
                            "image": "sha256:0e75e5b553cf5916e5149e6c0b44f8b543ca856423bf4d8e71762c56fae92ee8",
                            "ip_address": "172.17.0.2",
                            "ip_prefix_length": "16",
                            "log_driver": "json-file",
                            "logs": "false",
                            "must_run": "true",
                            "name": "blog_dev",
                            "network_data.#": "1",
                            "network_data.0.gateway": "172.17.0.1",
                            "network_data.0.ip_address": "172.17.0.2",
                            "network_data.0.ip_prefix_length": "16",
                            "network_data.0.network_name": "bridge",
                            "ports.#": "1",
                            "ports.0.external": "8081",
                            "ports.0.internal": "2368",
                            "ports.0.ip": "0.0.0.0",
                            "ports.0.protocol": "tcp",
                            "read_only": "false",
                            "restart": "no",
                            "rm": "false",
                            "start": "true"
                        },
                        "meta": {
                            "schema_version": "1"
                        },
                        "tainted": false
                    },
                    "deposed": [],
                    "provider": "provider.docker"
                },
                "docker_image.image_id": {
                    "type": "docker_image",
                    "depends_on": [],
                    "primary": {
                        "id": "sha256:0e75e5b553cf5916e5149e6c0b44f8b543ca856423bf4d8e71762c56fae92ee8ghost:latest",
                        "attributes": {
                            "id": "sha256:0e75e5b553cf5916e5149e6c0b44f8b543ca856423bf4d8e71762c56fae92ee8ghost:latest",
                            "latest": "sha256:0e75e5b553cf5916e5149e6c0b44f8b543ca856423bf4d8e71762c56fae92ee8",
                            "name": "ghost:latest"
                        },
                        "meta": {},
                        "tainted": false
                    },
                    "deposed": [],
                    "provider": "provider.docker"
                }
            },
            "depends_on": []
        }
    ]
}
