{
    "version": 3,
    "terraform_version": "0.11.13",
    "serial": 3,
    "lineage": "44240157-8369-9d09-51a5-c49d7417c83e",
    "modules": [
        {
            "path": [
                "root"
            ],
            "outputs": {
                "container_name": {
                    "sensitive": false,
                    "type": "string",
                    "value": "blog_prod"
                },
                "ip_address": {
                    "sensitive": false,
                    "type": "string",
                    "value": "172.17.0.3"
                }
            },
            "resources": {
                "docker_container.container_id": {
                    "type": "docker_container",
                    "depends_on": [
                        "docker_image.image_id"
                    ],
                    "primary": {
                        "id": "e78e0e413d7f66361e55bba8dc1ee14c6909c3b7391a6f9b5630d55afac28e6b",
                        "attributes": {
                            "attach": "false",
                            "bridge": "",
                            "gateway": "172.17.0.1",
                            "id": "e78e0e413d7f66361e55bba8dc1ee14c6909c3b7391a6f9b5630d55afac28e6b",
                            "image": "sha256:d5ad3977720e35ba9625d8a62939a4dd9a73b2b1bb93cec862ba687816b5e523",
                            "ip_address": "172.17.0.3",
                            "ip_prefix_length": "16",
                            "log_driver": "json-file",
                            "logs": "false",
                            "must_run": "true",
                            "name": "blog_prod",
                            "network_data.#": "1",
                            "network_data.0.gateway": "172.17.0.1",
                            "network_data.0.ip_address": "172.17.0.3",
                            "network_data.0.ip_prefix_length": "16",
                            "network_data.0.network_name": "bridge",
                            "ports.#": "1",
                            "ports.0.external": "80",
                            "ports.0.internal": "2368",
                            "ports.0.ip": "0.0.0.0",
                            "ports.0.protocol": "tcp",
                            "read_only": "false",
                            "restart": "no",
                            "rm": "false",
                            "start": "true"
                        },
                        "meta": {
                            "schema_version": "1"
                        },
                        "tainted": false
                    },
                    "deposed": [],
                    "provider": "provider.docker"
                },
                "docker_image.image_id": {
                    "type": "docker_image",
                    "depends_on": [],
                    "primary": {
                        "id": "sha256:d5ad3977720e35ba9625d8a62939a4dd9a73b2b1bb93cec862ba687816b5e523ghost:alpine",
                        "attributes": {
                            "id": "sha256:d5ad3977720e35ba9625d8a62939a4dd9a73b2b1bb93cec862ba687816b5e523ghost:alpine",
                            "latest": "sha256:d5ad3977720e35ba9625d8a62939a4dd9a73b2b1bb93cec862ba687816b5e523",
                            "name": "ghost:alpine"
                        },
                        "meta": {},
                        "tainted": false
                    },
                    "deposed": [],
                    "provider": "provider.docker"
                }
            },
            "depends_on": []
        }
    ]
}
