{
    "version": 3,
    "terraform_version": "0.11.13",
    "serial": 5,
    "lineage": "5b3532f4-6ada-aaaa-2d6d-6908ceb723f4",
    "modules": [
        {
            "path": [
                "root"
            ],
            "outputs": {
                "container_name": {
                    "sensitive": false,
                    "type": "string",
                    "value": "blog_dev"
                },
                "ip_address": {
                    "sensitive": false,
                    "type": "string",
                    "value": "172.17.0.2"
                }
            },
            "resources": {
                "docker_container.container_id": {
                    "type": "docker_container",
                    "depends_on": [
                        "docker_image.image_id"
                    ],
                    "primary": {
                        "id": "8e3db40269eec83e93b7f96d6892229f477e92f60127de99bb86b6f4828f4460",
                        "attributes": {
                            "attach": "false",
                            "bridge": "",
                            "gateway": "172.17.0.1",
                            "id": "8e3db40269eec83e93b7f96d6892229f477e92f60127de99bb86b6f4828f4460",
                            "image": "sha256:171479058081e1c88b732339d096fdd7ce3a35ba2265ac1a087b2f66d4fa53a9",
                            "ip_address": "172.17.0.2",
                            "ip_prefix_length": "16",
                            "log_driver": "json-file",
                            "logs": "false",
                            "must_run": "true",
                            "name": "blog_dev",
                            "network_data.#": "1",
                            "network_data.0.gateway": "172.17.0.1",
                            "network_data.0.ip_address": "172.17.0.2",
                            "network_data.0.ip_prefix_length": "16",
                            "network_data.0.network_name": "bridge",
                            "ports.#": "1",
                            "ports.0.external": "8081",
                            "ports.0.internal": "2368",
                            "ports.0.ip": "0.0.0.0",
                            "ports.0.protocol": "tcp",
                            "read_only": "false",
                            "restart": "no",
                            "rm": "false",
                            "start": "true"
                        },
                        "meta": {
                            "schema_version": "1"
                        },
                        "tainted": false
                    },
                    "deposed": [],
                    "provider": "provider.docker"
                },
                "docker_image.image_id": {
                    "type": "docker_image",
                    "depends_on": [],
                    "primary": {
                        "id": "sha256:171479058081e1c88b732339d096fdd7ce3a35ba2265ac1a087b2f66d4fa53a9ghost:latest",
                        "attributes": {
                            "id": "sha256:171479058081e1c88b732339d096fdd7ce3a35ba2265ac1a087b2f66d4fa53a9ghost:latest",
                            "latest": "sha256:171479058081e1c88b732339d096fdd7ce3a35ba2265ac1a087b2f66d4fa53a9",
                            "name": "ghost:latest"
                        },
                        "meta": {},
                        "tainted": false
                    },
                    "deposed": [],
                    "provider": "provider.docker"
                },
                "null_resource.null_id": {
                    "type": "null_resource",
                    "depends_on": [
                        "docker_container.container_id"
                    ],
                    "primary": {
                        "id": "2295083699260263186",
                        "attributes": {
                            "id": "2295083699260263186"
                        },
                        "meta": {},
                        "tainted": false
                    },
                    "deposed": [],
                    "provider": "provider.null"
                }
            },
            "depends_on": []
        }
    ]
}
